
Microsoft Visual Studio Solution File, Format Version 12.00
# Visual Studio 14
VisualStudioVersion = 14.0.25420.1
MinimumVisualStudioVersion = 10.0.40219.1
Project("{FAE04EC0-301F-11D3-BF4B-00C04F79EFBC}") = "WebAqarStock_API", "WebAqarStock_API\WebAqarStock_API.csproj", "{51CD3F02-004A-4389-AF14-30578F1304F0}"
EndProject
Project("{FAE04EC0-301F-11D3-BF4B-00C04F79EFBC}") = "WebAqarStock_MVC", "WebAqarStock_MVC\WebAqarStock_MVC.csproj", "{B0BBD390-09AB-40C1-870C-C8AE394ACFDB}"
EndProject
Global
	GlobalSection(SolutionConfigurationPlatforms) = preSolution
		Debug|Any CPU = Debug|Any CPU
		Release|Any CPU = Release|Any CPU
	EndGlobalSection
	GlobalSection(ProjectConfigurationPlatforms) = postSolution
		{51CD3F02-004A-4389-AF14-30578F1304F0}.Debug|Any CPU.ActiveCfg = Debug|Any CPU
		{51CD3F02-004A-4389-AF14-30578F1304F0}.Debug|Any CPU.Build.0 = Debug|Any CPU
		{51CD3F02-004A-4389-AF14-30578F1304F0}.Release|Any CPU.ActiveCfg = Release|Any CPU
		{51CD3F02-004A-4389-AF14-30578F1304F0}.Release|Any CPU.Build.0 = Release|Any CPU
		{B0BBD390-09AB-40C1-870C-C8AE394ACFDB}.Debug|Any CPU.ActiveCfg = Debug|Any CPU
		{B0BBD390-09AB-40C1-870C-C8AE394ACFDB}.Debug|Any CPU.Build.0 = Debug|Any CPU
		{B0BBD390-09AB-40C1-870C-C8AE394ACFDB}.Release|Any CPU.ActiveCfg = Release|Any CPU
		{B0BBD390-09AB-40C1-870C-C8AE394ACFDB}.Release|Any CPU.Build.0 = Release|Any CPU
	EndGlobalSection
	GlobalSection(SolutionProperties) = preSolution
		HideSolutionNode = FALSE
	EndGlobalSection
EndGlobal
